PODS:
  - AVOSCloudCrashReportingDynamic (3.1.7.1):
    - AVOSCloudDynamic
  - AVOSCloudDynamic (3.1.7.1)
  - AVOSCloudIMDynamic (3.1.7.1):
    - AVOSCloudDynamic
  - JSBadgeView (1.4.1)
  - MBProgressHUD (0.9.2)
  - SDWebImage (3.7.3):
    - SDWebImage/Core (= 3.7.3)
  - SDWebImage/Core (3.7.3)

DEPENDENCIES:
  - AVOSCloudCrashReportingDynamic
  - AVOSCloudDynamic
  - AVOSCloudIMDynamic
  - JSBadgeView (~> 1.4.1)
  - MBProgressHUD (~> 0.9.1)
  - SDWebImage (~> 3.7.3)

SPEC CHECKSUMS:
  AVOSCloudCrashReportingDynamic: 487ca2dee24036c42841480f0117011c08e0a32b
  AVOSCloudDynamic: 532aa15204f82638c93a6f47f3c91bc18b96304c
  AVOSCloudIMDynamic: 6c2d176471c8d6423ed8bb8bab1e43dcceadd215
  JSBadgeView: 3861ddee41094284d9468e6d0af5107f703aaac5
  MBProgressHUD: 1569cf7ace17a8bac47aabfbb8580a49690386d1
  SDWebImage: 1d2b1a1efda1ade1b00b6f8498865f8ddedc8a84

COCOAPODS: 0.39.0
